# ros_topic_name: ""
- gz_topic_name: "/clock"
  ros_type_name: "rosgraph_msgs/msg/Clock"
  gz_type_name: "gz.msgs.Clock"
  # subscriber_queue: 5 # Default 10
  # publisher_queue: 6 # Default 10
  # lazy: true # Default "false"
  direction:
  # BIDIRECTIONAL # Default "BIDIRECTIONAL" - Bridge both directions
  "GZ_TO_ROS"  #Bridge Gz topic to ROS
# "ROS_TO_GZ" - #Bridge ROS topic to Gz